
Microsoft Visual Studio Solution File, Format Version 12.00
# Visual Studio 15
VisualStudioVersion = 15.0.27703.2000
MinimumVisualStudioVersion = 10.0.40219.1
Project("{9A19103F-16F7-4668-BE54-9A1E7A4F7556}") = "ConsultaCredito", "ConsultaCredito\ConsultaCredito.csproj", "{7155F8D7-3C20-4AC0-9272-B52B68F2CB20}"
EndProject
Project("{FAE04EC0-301F-11D3-BF4B-00C04F79EFBC}") = "ConsultaCredito.Testes", "ConsultaCredito.Testes\ConsultaCredito.Testes.csproj", "{104B60B6-DBE5-4ADF-8B55-C09212FA2BA1}"
EndProject
Global
	GlobalSection(SolutionConfigurationPlatforms) = preSolution
		Debug|Any CPU = Debug|Any CPU
		Release|Any CPU = Release|Any CPU
	EndGlobalSection
	GlobalSection(ProjectConfigurationPlatforms) = postSolution
		{7155F8D7-3C20-4AC0-9272-B52B68F2CB20}.Debug|Any CPU.ActiveCfg = Debug|Any CPU
		{7155F8D7-3C20-4AC0-9272-B52B68F2CB20}.Debug|Any CPU.Build.0 = Debug|Any CPU
		{7155F8D7-3C20-4AC0-9272-B52B68F2CB20}.Release|Any CPU.ActiveCfg = Release|Any CPU
		{7155F8D7-3C20-4AC0-9272-B52B68F2CB20}.Release|Any CPU.Build.0 = Release|Any CPU
		{104B60B6-DBE5-4ADF-8B55-C09212FA2BA1}.Debug|Any CPU.ActiveCfg = Debug|Any CPU
		{104B60B6-DBE5-4ADF-8B55-C09212FA2BA1}.Debug|Any CPU.Build.0 = Debug|Any CPU
		{104B60B6-DBE5-4ADF-8B55-C09212FA2BA1}.Release|Any CPU.ActiveCfg = Release|Any CPU
		{104B60B6-DBE5-4ADF-8B55-C09212FA2BA1}.Release|Any CPU.Build.0 = Release|Any CPU
	EndGlobalSection
	GlobalSection(SolutionProperties) = preSolution
		HideSolutionNode = FALSE
	EndGlobalSection
	GlobalSection(ExtensibilityGlobals) = postSolution
		SolutionGuid = {8A0EC2A5-4A6E-462C-91F0-25993D6AE3E4}
	EndGlobalSection
EndGlobal
